{
  "name": "Hospital-website-3",
  "lockfileVersion": 3,
  "requires": true,
  "packages": {
    "": {
      "dependencies": {
        "serverless-http": "^4.0.0"
      }
    },
    "node_modules/serverless-http": {
      "version": "4.0.0",
      "resolved": "https://registry.npmjs.org/serverless-http/-/serverless-http-4.0.0.tgz",
      "integrity": "sha512-KKl9h1+VApX9y2vHsVMogf906UXBwO3FDYiWPzqS0mCjEEx4Sx91JrssbWA7RN43HBuxrtoh8MkocZPvjyGnLg==",
      "license": "MIT",
      "engines": {
        "node": ">=12.0"
      }
    }
  }
}
